
Microsoft Visual Studio Solution File, Format Version 12.00
# Visual Studio 15
VisualStudioVersion = 15.0.28307.539
MinimumVisualStudioVersion = 10.0.40219.1
Project("{9A19103F-16F7-4668-BE54-9A1E7A4F7556}") = "SMSService_Demo2", "SMSService_Demo2\SMSService_Demo2.csproj", "{518D2E92-A77F-445B-AC32-788C39CA989D}"
EndProject
Project("{9A19103F-16F7-4668-BE54-9A1E7A4F7556}") = "FirstService", "PlivioService\FirstService.csproj", "{5DE74287-1A9E-44B8-BFF2-C257A843670F}"
EndProject
Project("{9A19103F-16F7-4668-BE54-9A1E7A4F7556}") = "SecondService", "TelnixService\SecondService.csproj", "{B4E90A53-E5D7-406B-9DBA-308F2546BD93}"
EndProject
Project("{9A19103F-16F7-4668-BE54-9A1E7A4F7556}") = "SMSApi", "SMSApi\SMSApi.csproj", "{E92E1CC5-7AA3-453D-9B5E-0EE8528834B1}"
EndProject
Project("{9A19103F-16F7-4668-BE54-9A1E7A4F7556}") = "SMSModels", "SMSModels\SMSModels.csproj", "{317D9E69-791E-41BA-BC32-F6130B352CB7}"
EndProject
Global
	GlobalSection(SolutionConfigurationPlatforms) = preSolution
		Debug|Any CPU = Debug|Any CPU
		Release|Any CPU = Release|Any CPU
	EndGlobalSection
	GlobalSection(ProjectConfigurationPlatforms) = postSolution
		{518D2E92-A77F-445B-AC32-788C39CA989D}.Debug|Any CPU.ActiveCfg = Debug|Any CPU
		{518D2E92-A77F-445B-AC32-788C39CA989D}.Debug|Any CPU.Build.0 = Debug|Any CPU
		{518D2E92-A77F-445B-AC32-788C39CA989D}.Release|Any CPU.ActiveCfg = Release|Any CPU
		{518D2E92-A77F-445B-AC32-788C39CA989D}.Release|Any CPU.Build.0 = Release|Any CPU
		{5DE74287-1A9E-44B8-BFF2-C257A843670F}.Debug|Any CPU.ActiveCfg = Debug|Any CPU
		{5DE74287-1A9E-44B8-BFF2-C257A843670F}.Debug|Any CPU.Build.0 = Debug|Any CPU
		{5DE74287-1A9E-44B8-BFF2-C257A843670F}.Release|Any CPU.ActiveCfg = Release|Any CPU
		{5DE74287-1A9E-44B8-BFF2-C257A843670F}.Release|Any CPU.Build.0 = Release|Any CPU
		{B4E90A53-E5D7-406B-9DBA-308F2546BD93}.Debug|Any CPU.ActiveCfg = Debug|Any CPU
		{B4E90A53-E5D7-406B-9DBA-308F2546BD93}.Debug|Any CPU.Build.0 = Debug|Any CPU
		{B4E90A53-E5D7-406B-9DBA-308F2546BD93}.Release|Any CPU.ActiveCfg = Release|Any CPU
		{B4E90A53-E5D7-406B-9DBA-308F2546BD93}.Release|Any CPU.Build.0 = Release|Any CPU
		{E92E1CC5-7AA3-453D-9B5E-0EE8528834B1}.Debug|Any CPU.ActiveCfg = Debug|Any CPU
		{E92E1CC5-7AA3-453D-9B5E-0EE8528834B1}.Debug|Any CPU.Build.0 = Debug|Any CPU
		{E92E1CC5-7AA3-453D-9B5E-0EE8528834B1}.Release|Any CPU.ActiveCfg = Release|Any CPU
		{E92E1CC5-7AA3-453D-9B5E-0EE8528834B1}.Release|Any CPU.Build.0 = Release|Any CPU
		{317D9E69-791E-41BA-BC32-F6130B352CB7}.Debug|Any CPU.ActiveCfg = Debug|Any CPU
		{317D9E69-791E-41BA-BC32-F6130B352CB7}.Debug|Any CPU.Build.0 = Debug|Any CPU
		{317D9E69-791E-41BA-BC32-F6130B352CB7}.Release|Any CPU.ActiveCfg = Release|Any CPU
		{317D9E69-791E-41BA-BC32-F6130B352CB7}.Release|Any CPU.Build.0 = Release|Any CPU
	EndGlobalSection
	GlobalSection(SolutionProperties) = preSolution
		HideSolutionNode = FALSE
	EndGlobalSection
	GlobalSection(ExtensibilityGlobals) = postSolution
		SolutionGuid = {B1152DEB-5546-4A15-9302-86D22D2DFB2E}
	EndGlobalSection
EndGlobal
